
Microsoft Visual Studio Solution File, Format Version 12.00
# Visual Studio Version 17
VisualStudioVersion = 17.4.33205.214
MinimumVisualStudioVersion = 10.0.40219.1
Project("{FAE04EC0-301F-11D3-BF4B-00C04F79EFBC}") = "GHTest1Project", "GHTest1Project\GHTest1Project.csproj", "{7BB5E16B-0777-4CEA-A4AE-F216D042CB97}"
EndProject
Global
	GlobalSection(SolutionConfigurationPlatforms) = preSolution
		Debug|Any CPU = Debug|Any CPU
		Release|Any CPU = Release|Any CPU
	EndGlobalSection
	GlobalSection(ProjectConfigurationPlatforms) = postSolution
		{7BB5E16B-0777-4CEA-A4AE-F216D042CB97}.Debug|Any CPU.ActiveCfg = Debug|Any CPU
		{7BB5E16B-0777-4CEA-A4AE-F216D042CB97}.Debug|Any CPU.Build.0 = Debug|Any CPU
		{7BB5E16B-0777-4CEA-A4AE-F216D042CB97}.Release|Any CPU.ActiveCfg = Release|Any CPU
		{7BB5E16B-0777-4CEA-A4AE-F216D042CB97}.Release|Any CPU.Build.0 = Release|Any CPU
	EndGlobalSection
	GlobalSection(SolutionProperties) = preSolution
		HideSolutionNode = FALSE
	EndGlobalSection
	GlobalSection(ExtensibilityGlobals) = postSolution
		SolutionGuid = {C40FEE88-2F44-4A0D-AF62-45F6FB1775CF}
	EndGlobalSection
EndGlobal
